// !$*UTF8*$!
{
	archiveVersion = 1;
	classes = {
	};
	objectVersion = 46;
	objects = {

/* Begin PBXBuildFile section */
		004019281F671ED700CE157E /* AppDelegate.swift in Sources */ = {isa = PBXBuildFile; fileRef = 004019271F671ED700CE157E /* AppDelegate.swift */; };
		0040192A1F671ED700CE157E /* AlbumViewController.swift in Sources */ = {isa = PBXBuildFile; fileRef = 004019291F671ED700CE157E /* AlbumViewController.swift */; };
		0040192D1F671ED700CE157E /* Main.storyboard in Resources */ = {isa = PBXBuildFile; fileRef = 0040192B1F671ED700CE157E /* Main.storyboard */; };
		0040192F1F671ED700CE157E /* Assets.xcassets in Resources */ = {isa = PBXBuildFile; fileRef = 0040192E1F671ED700CE157E /* Assets.xcassets */; };
		004019321F671ED700CE157E /* LaunchScreen.storyboard in Resources */ = {isa = PBXBuildFile; fileRef = 004019301F671ED700CE157E /* LaunchScreen.storyboard */; };
		0040193E1F6729BC00CE157E /* AlbumCell.swift in Sources */ = {isa = PBXBuildFile; fileRef = 0040193D1F6729BC00CE157E /* AlbumCell.swift */; };
		004019401F672C7A00CE157E /* DataService.swift in Sources */ = {isa = PBXBuildFile; fileRef = 0040193F1F672C7A00CE157E /* DataService.swift */; };
		004019421F672CCA00CE157E /* Album.swift in Sources */ = {isa = PBXBuildFile; fileRef = 004019411F672CCA00CE157E /* Album.swift */; };
		004019441F681FC000CE157E /* AlbumImage.swift in Sources */ = {isa = PBXBuildFile; fileRef = 004019431F681FC000CE157E /* AlbumImage.swift */; };
		004019461F6820FB00CE157E /* AlbumImageCell.swift in Sources */ = {isa = PBXBuildFile; fileRef = 004019451F6820FB00CE157E /* AlbumImageCell.swift */; };
		004019481F68219500CE157E /* DetailAlbumViewController.swift in Sources */ = {isa = PBXBuildFile; fileRef = 004019471F68219500CE157E /* DetailAlbumViewController.swift */; };
/* End PBXBuildFile section */

/* Begin PBXFileReference section */
		004019241F671ED700CE157E /* DerodPhotos.app */ = {isa = PBXFileReference; explicitFileType = wrapper.application; includeInIndex = 0; path = DerodPhotos.app; sourceTree = BUILT_PRODUCTS_DIR; };
		004019271F671ED700CE157E /* AppDelegate.swift */ = {isa = PBXFileReference; lastKnownFileType = sourcecode.swift; path = AppDelegate.swift; sourceTree = "<group>"; };
		004019291F671ED700CE157E /* AlbumViewController.swift */ = {isa = PBXFileReference; lastKnownFileType = sourcecode.swift; path = AlbumViewController.swift; sourceTree = "<group>"; };
		0040192C1F671ED700CE157E /* Base */ = {isa = PBXFileReference; lastKnownFileType = file.storyboard; name = Base; path = Base.lproj/Main.storyboard; sourceTree = "<group>"; };
		0040192E1F671ED700CE157E /* Assets.xcassets */ = {isa = PBXFileReference; lastKnownFileType = folder.assetcatalog; path = Assets.xcassets; sourceTree = "<group>"; };
		004019311F671ED700CE157E /* Base */ = {isa = PBXFileReference; lastKnownFileType = file.storyboard; name = Base; path = Base.lproj/LaunchScreen.storyboard; sourceTree = "<group>"; };
		004019331F671ED700CE157E /* Info.plist */ = {isa = PBXFileReference; lastKnownFileType = text.plist.xml; path = Info.plist; sourceTree = "<group>"; };
		0040193D1F6729BC00CE157E /* AlbumCell.swift */ = {isa = PBXFileReference; fileEncoding = 4; lastKnownFileType = sourcecode.swift; path = AlbumCell.swift; sourceTree = "<group>"; };
		0040193F1F672C7A00CE157E /* DataService.swift */ = {isa = PBXFileReference; fileEncoding = 4; lastKnownFileType = sourcecode.swift; path = DataService.swift; sourceTree = "<group>"; };
		004019411F672CCA00CE157E /* Album.swift */ = {isa = PBXFileReference; fileEncoding = 4; lastKnownFileType = sourcecode.swift; path = Album.swift; sourceTree = "<group>"; };
		004019431F681FC000CE157E /* AlbumImage.swift */ = {isa = PBXFileReference; fileEncoding = 4; lastKnownFileType = sourcecode.swift; path = AlbumImage.swift; sourceTree = "<group>"; };
		004019451F6820FB00CE157E /* AlbumImageCell.swift */ = {isa = PBXFileReference; fileEncoding = 4; lastKnownFileType = sourcecode.swift; path = AlbumImageCell.swift; sourceTree = "<group>"; };
		004019471F68219500CE157E /* DetailAlbumViewController.swift */ = {isa = PBXFileReference; fileEncoding = 4; lastKnownFileType = sourcecode.swift; path = DetailAlbumViewController.swift; sourceTree = "<group>"; };
/* End PBXFileReference section */

/* Begin PBXFrameworksBuildPhase section */
		004019211F671ED700CE157E /* Frameworks */ = {
			isa = PBXFrameworksBuildPhase;
			buildActionMask = 2147483647;
			files = (
			);
			runOnlyForDeploymentPostprocessing = 0;
		};
/* End PBXFrameworksBuildPhase section */

/* Begin PBXGroup section */
		0040191B1F671ED700CE157E = {
			isa = PBXGroup;
			children = (
				004019261F671ED700CE157E /* DerodPhotos */,
				004019251F671ED700CE157E /* Products */,
			);
			sourceTree = "<group>";
		};
		004019251F671ED700CE157E /* Products */ = {
			isa = PBXGroup;
			children = (
				004019241F671ED700CE157E /* DerodPhotos.app */,
			);
			name = Products;
			sourceTree = "<group>";
		};
		004019261F671ED700CE157E /* DerodPhotos */ = {
			isa = PBXGroup;
			children = (
				0040193C1F67298500CE157E /* Services */,
				0040193B1F67297C00CE157E /* View */,
				0040193A1F67297500CE157E /* Model */,
				004019391F67295E00CE157E /* Controller */,
				004019271F671ED700CE157E /* AppDelegate.swift */,
				0040192B1F671ED700CE157E /* Main.storyboard */,
				0040192E1F671ED700CE157E /* Assets.xcassets */,
				004019301F671ED700CE157E /* LaunchScreen.storyboard */,
				004019331F671ED700CE157E /* Info.plist */,
			);
			path = DerodPhotos;
			sourceTree = "<group>";
		};
		004019391F67295E00CE157E /* Controller */ = {
			isa = PBXGroup;
			children = (
				004019291F671ED700CE157E /* AlbumViewController.swift */,
				004019471F68219500CE157E /* DetailAlbumViewController.swift */,
			);
			name = Controller;
			sourceTree = "<group>";
		};
		0040193A1F67297500CE157E /* Model */ = {
			isa = PBXGroup;
			children = (
				004019411F672CCA00CE157E /* Album.swift */,
				004019431F681FC000CE157E /* AlbumImage.swift */,
			);
			name = Model;
			sourceTree = "<group>";
		};
		0040193B1F67297C00CE157E /* View */ = {
			isa = PBXGroup;
			children = (
				0040193D1F6729BC00CE157E /* AlbumCell.swift */,
				004019451F6820FB00CE157E /* AlbumImageCell.swift */,
			);
			name = View;
			sourceTree = "<group>";
		};
		0040193C1F67298500CE157E /* Services */ = {
			isa = PBXGroup;
			children = (
				0040193F1F672C7A00CE157E /* DataService.swift */,
			);
			name = Services;
			sourceTree = "<group>";
		};
/* End PBXGroup section */

/* Begin PBXNativeTarget section */
		004019231F671ED700CE157E /* DerodPhotos */ = {
			isa = PBXNativeTarget;
			buildConfigurationList = 004019361F671ED700CE157E /* Build configuration list for PBXNativeTarget "DerodPhotos" */;
			buildPhases = (
				004019201F671ED700CE157E /* Sources */,
				004019211F671ED700CE157E /* Frameworks */,
				004019221F671ED700CE157E /* Resources */,
			);
			buildRules = (
			);
			dependencies = (
			);
			name = DerodPhotos;
			productName = DerodPhotos;
			productReference = 004019241F671ED700CE157E /* DerodPhotos.app */;
			productType = "com.apple.product-type.application";
		};
/* End PBXNativeTarget section */

/* Begin PBXProject section */
		0040191C1F671ED700CE157E /* Project object */ = {
			isa = PBXProject;
			attributes = {
				LastSwiftUpdateCheck = 0830;
				LastUpgradeCheck = 0830;
				ORGANIZATIONNAME = "Hitanshu Bhakta";
				TargetAttributes = {
					004019231F671ED700CE157E = {
						CreatedOnToolsVersion = 8.3.3;
						DevelopmentTeam = 99KS3K2VX4;
						ProvisioningStyle = Automatic;
					};
				};
			};
			buildConfigurationList = 0040191F1F671ED700CE157E /* Build configuration list for PBXProject "DerodPhotos" */;
			compatibilityVersion = "Xcode 3.2";
			developmentRegion = English;
			hasScannedForEncodings = 0;
			knownRegions = (
				en,
				Base,
			);
			mainGroup = 0040191B1F671ED700CE157E;
			productRefGroup = 004019251F671ED700CE157E /* Products */;
			projectDirPath = "";
			projectRoot = "";
			targets = (
				004019231F671ED700CE157E /* DerodPhotos */,
			);
		};
/* End PBXProject section */

/* Begin PBXResourcesBuildPhase section */
		004019221F671ED700CE157E /* Resources */ = {
			isa = PBXResourcesBuildPhase;
			buildActionMask = 2147483647;
			files = (
				004019321F671ED700CE157E /* LaunchScreen.storyboard in Resources */,
				0040192F1F671ED700CE157E /* Assets.xcassets in Resources */,
				0040192D1F671ED700CE157E /* Main.storyboard in Resources */,
			);
			runOnlyForDeploymentPostprocessing = 0;
		};
/* End PBXResourcesBuildPhase section */

/* Begin PBXSourcesBuildPhase section */
		004019201F671ED700CE157E /* Sources */ = {
			isa = PBXSourcesBuildPhase;
			buildActionMask = 2147483647;
			files = (
				0040192A1F671ED700CE157E /* AlbumViewController.swift in Sources */,
				004019441F681FC000CE157E /* AlbumImage.swift in Sources */,
				004019281F671ED700CE157E /* AppDelegate.swift in Sources */,
				0040193E1F6729BC00CE157E /* AlbumCell.swift in Sources */,
				004019401F672C7A00CE157E /* DataService.swift in Sources */,
				004019481F68219500CE157E /* DetailAlbumViewController.swift in Sources */,
				004019421F672CCA00CE157E /* Album.swift in Sources */,
				004019461F6820FB00CE157E /* AlbumImageCell.swift in Sources */,
			);
			runOnlyForDeploymentPostprocessing = 0;
		};
/* End PBXSourcesBuildPhase section */

/* Begin PBXVariantGroup section */
		0040192B1F671ED700CE157E /* Main.storyboard */ = {
			isa = PBXVariantGroup;
			children = (
				0040192C1F671ED700CE157E /* Base */,
			);
			name = Main.storyboard;
			sourceTree = "<group>";
		};
		004019301F671ED700CE157E /* LaunchScreen.storyboard */ = {
			isa = PBXVariantGroup;
			children = (
				004019311F671ED700CE157E /* Base */,
			);
			name = LaunchScreen.storyboard;
			sourceTree = "<group>";
		};
/* End PBXVariantGroup section */

/* Begin XCBuildConfiguration section */
		004019341F671ED700CE157E /* Debug */ = {
			isa = XCBuildConfiguration;
			buildSettings = {
				ALWAYS_SEARCH_USER_PATHS = NO;
				CLANG_ANALYZER_NONNULL = YES;
				CLANG_ANALYZER_NUMBER_OBJECT_CONVERSION = YES_AGGRESSIVE;
				CLANG_CXX_LANGUAGE_STANDARD = "gnu++0x";
				CLANG_CXX_LIBRARY = "libc++";
				CLANG_ENABLE_MODULES = YES;
				CLANG_ENABLE_OBJC_ARC = YES;
				CLANG_WARN_BOOL_CONVERSION = YES;
				CLANG_WARN_CONSTANT_CONVERSION = YES;
				CLANG_WARN_DIRECT_OBJC_ISA_USAGE = YES_ERROR;
				CLANG_WARN_DOCUMENTATION_COMMENTS = YES;
				CLANG_WARN_EMPTY_BODY = YES;
				CLANG_WARN_ENUM_CONVERSION = YES;
				CLANG_WARN_INFINITE_RECURSION = YES;
				CLANG_WARN_INT_CONVERSION = YES;
				CLANG_WARN_OBJC_ROOT_CLASS = YES_ERROR;
				CLANG_WARN_SUSPICIOUS_MOVE = YES;
				CLANG_WARN_UNREACHABLE_CODE = YES;
				CLANG_WARN__DUPLICATE_METHOD_MATCH = YES;
				"CODE_SIGN_IDENTITY[sdk=iphoneos*]" = "iPhone Developer";
				COPY_PHASE_STRIP = NO;
				DEBUG_INFORMATION_FORMAT = dwarf;
				ENABLE_STRICT_OBJC_MSGSEND = YES;
				ENABLE_TESTABILITY = YES;
				GCC_C_LANGUAGE_STANDARD = gnu99;
				GCC_DYNAMIC_NO_PIC = NO;
				GCC_NO_COMMON_BLOCKS = YES;
				GCC_OPTIMIZATION_LEVEL = 0;
				GCC_PREPROCESSOR_DEFINITIONS = (
					"DEBUG=1",
					"$(inherited)",
				);
				GCC_WARN_64_TO_32_BIT_CONVERSION = YES;
				GCC_WARN_ABOUT_RETURN_TYPE = YES_ERROR;
				GCC_WARN_UNDECLARED_SELECTOR = YES;
				GCC_WARN_UNINITIALIZED_AUTOS = YES_AGGRESSIVE;
				GCC_WARN_UNUSED_FUNCTION = YES;
				GCC_WARN_UNUSED_VARIABLE = YES;
				IPHONEOS_DEPLOYMENT_TARGET = 10.3;
				MTL_ENABLE_DEBUG_INFO = YES;
				ONLY_ACTIVE_ARCH = YES;
				SDKROOT = iphoneos;
				SWIFT_ACTIVE_COMPILATION_CONDITIONS = DEBUG;
				SWIFT_OPTIMIZATION_LEVEL = "-Onone";
			};
			name = Debug;
		};
		004019351F671ED700CE157E /* Release */ = {
			isa = XCBuildConfiguration;
			buildSettings = {
				ALWAYS_SEARCH_USER_PATHS = NO;
				CLANG_ANALYZER_NONNULL = YES;
				CLANG_ANALYZER_NUMBER_OBJECT_CONVERSION = YES_AGGRESSIVE;
				CLANG_CXX_LANGUAGE_STANDARD = "gnu++0x";
				CLANG_CXX_LIBRARY = "libc++";
				CLANG_ENABLE_MODULES = YES;
				CLANG_ENABLE_OBJC_ARC = YES;
				CLANG_WARN_BOOL_CONVERSION = YES;
				CLANG_WARN_CONSTANT_CONVERSION = YES;
				CLANG_WARN_DIRECT_OBJC_ISA_USAGE = YES_ERROR;
				CLANG_WARN_DOCUMENTATION_COMMENTS = YES;
				CLANG_WARN_EMPTY_BODY = YES;
				CLANG_WARN_ENUM_CONVERSION = YES;
				CLANG_WARN_INFINITE_RECURSION = YES;
				CLANG_WARN_INT_CONVERSION = YES;
				CLANG_WARN_OBJC_ROOT_CLASS = YES_ERROR;
				CLANG_WARN_SUSPICIOUS_MOVE = YES;
				CLANG_WARN_UNREACHABLE_CODE = YES;
				CLANG_WARN__DUPLICATE_METHOD_MATCH = YES;
				"CODE_SIGN_IDENTITY[sdk=iphoneos*]" = "iPhone Developer";
				COPY_PHASE_STRIP = NO;
				DEBUG_INFORMATION_FORMAT = "dwarf-with-dsym";
				ENABLE_NS_ASSERTIONS = NO;
				ENABLE_STRICT_OBJC_MSGSEND = YES;
				GCC_C_LANGUAGE_STANDARD = gnu99;
				GCC_NO_COMMON_BLOCKS = YES;
				GCC_WARN_64_TO_32_BIT_CONVERSION = YES;
				GCC_WARN_ABOUT_RETURN_TYPE = YES_ERROR;
				GCC_WARN_UNDECLARED_SELECTOR = YES;
				GCC_WARN_UNINITIALIZED_AUTOS = YES_AGGRESSIVE;
				GCC_WARN_UNUSED_FUNCTION = YES;
				GCC_WARN_UNUSED_VARIABLE = YES;
				IPHONEOS_DEPLOYMENT_TARGET = 10.3;
				MTL_ENABLE_DEBUG_INFO = NO;
				SDKROOT = iphoneos;
				SWIFT_OPTIMIZATION_LEVEL = "-Owholemodule";
				VALIDATE_PRODUCT = YES;
			};
			name = Release;
		};
		004019371F671ED700CE157E /* Debug */ = {
			isa = XCBuildConfiguration;
			buildSettings = {
				ASSETCATALOG_COMPILER_APPICON_NAME = AppIcon;
				DEVELOPMENT_TEAM = 99KS3K2VX4;
				INFOPLIST_FILE = DerodPhotos/Info.plist;
				LD_RUNPATH_SEARCH_PATHS = "$(inherited) @executable_path/Frameworks";
				PRODUCT_BUNDLE_IDENTIFIER = com.hitanshubhakta.DerodPhotos;
				PRODUCT_NAME = "$(TARGET_NAME)";
				SWIFT_VERSION = 3.0;
			};
			name = Debug;
		};
		004019381F671ED700CE157E /* Release */ = {
			isa = XCBuildConfiguration;
			buildSettings = {
				ASSETCATALOG_COMPILER_APPICON_NAME = AppIcon;
				DEVELOPMENT_TEAM = 99KS3K2VX4;
				INFOPLIST_FILE = DerodPhotos/Info.plist;
				LD_RUNPATH_SEARCH_PATHS = "$(inherited) @executable_path/Frameworks";
				PRODUCT_BUNDLE_IDENTIFIER = com.hitanshubhakta.DerodPhotos;
				PRODUCT_NAME = "$(TARGET_NAME)";
				SWIFT_VERSION = 3.0;
			};
			name = Release;
		};
/* End XCBuildConfiguration section */

/* Begin XCConfigurationList section */
		0040191F1F671ED700CE157E /* Build configuration list for PBXProject "DerodPhotos" */ = {
			isa = XCConfigurationList;
			buildConfigurations = (
				004019341F671ED700CE157E /* Debug */,
				004019351F671ED700CE157E /* Release */,
			);
			defaultConfigurationIsVisible = 0;
			defaultConfigurationName = Release;
		};
		004019361F671ED700CE157E /* Build configuration list for PBXNativeTarget "DerodPhotos" */ = {
			isa = XCConfigurationList;
			buildConfigurations = (
				004019371F671ED700CE157E /* Debug */,
				004019381F671ED700CE157E /* Release */,
			);
			defaultConfigurationIsVisible = 0;
		};
/* End XCConfigurationList section */
	};
	rootObject = 0040191C1F671ED700CE157E /* Project object */;
}
